// !$*UTF8*$!
{
	archiveVersion = 1;
	classes = {
	};
	objectVersion = 50;
	objects = {

/* Begin PBXBuildFile section */
		30D94A92237B28BE00AA6743 /* AppDelegate.swift in Sources */ = {isa = PBXBuildFile; fileRef = 30D94A91237B28BE00AA6743 /* AppDelegate.swift */; };
		30D94A94237B28BE00AA6743 /* SceneDelegate.swift in Sources */ = {isa = PBXBuildFile; fileRef = 30D94A93237B28BE00AA6743 /* SceneDelegate.swift */; };
		30D94A99237B28BE00AA6743 /* Main.storyboard in Resources */ = {isa = PBXBuildFile; fileRef = 30D94A97237B28BE00AA6743 /* Main.storyboard */; };
		30D94A9B237B28BF00AA6743 /* Assets.xcassets in Resources */ = {isa = PBXBuildFile; fileRef = 30D94A9A237B28BF00AA6743 /* Assets.xcassets */; };
		30D94A9E237B28BF00AA6743 /* LaunchScreen.storyboard in Resources */ = {isa = PBXBuildFile; fileRef = 30D94A9C237B28BF00AA6743 /* LaunchScreen.storyboard */; };
		30D94AA6237B290A00AA6743 /* NamesTableViewController.swift in Sources */ = {isa = PBXBuildFile; fileRef = 30D94AA5237B290A00AA6743 /* NamesTableViewController.swift */; };
/* End PBXBuildFile section */

/* Begin PBXFileReference section */
		30D94A8E237B28BE00AA6743 /* PAD.app */ = {isa = PBXFileReference; explicitFileType = wrapper.application; includeInIndex = 0; path = PAD.app; sourceTree = BUILT_PRODUCTS_DIR; };
		30D94A91237B28BE00AA6743 /* AppDelegate.swift */ = {isa = PBXFileReference; lastKnownFileType = sourcecode.swift; path = AppDelegate.swift; sourceTree = "<group>"; };
		30D94A93237B28BE00AA6743 /* SceneDelegate.swift */ = {isa = PBXFileReference; lastKnownFileType = sourcecode.swift; path = SceneDelegate.swift; sourceTree = "<group>"; };
		30D94A98237B28BE00AA6743 /* Base */ = {isa = PBXFileReference; lastKnownFileType = file.storyboard; name = Base; path = Base.lproj/Main.storyboard; sourceTree = "<group>"; };
		30D94A9A237B28BF00AA6743 /* Assets.xcassets */ = {isa = PBXFileReference; lastKnownFileType = folder.assetcatalog; path = Assets.xcassets; sourceTree = "<group>"; };
		30D94A9D237B28BF00AA6743 /* Base */ = {isa = PBXFileReference; lastKnownFileType = file.storyboard; name = Base; path = Base.lproj/LaunchScreen.storyboard; sourceTree = "<group>"; };
		30D94A9F237B28BF00AA6743 /* Info.plist */ = {isa = PBXFileReference; lastKnownFileType = text.plist.xml; path = Info.plist; sourceTree = "<group>"; };
		30D94AA5237B290A00AA6743 /* NamesTableViewController.swift */ = {isa = PBXFileReference; lastKnownFileType = sourcecode.swift; path = NamesTableViewController.swift; sourceTree = "<group>"; };
/* End PBXFileReference section */

/* Begin PBXFrameworksBuildPhase section */
		30D94A8B237B28BE00AA6743 /* Frameworks */ = {
			isa = PBXFrameworksBuildPhase;
			buildActionMask = 2147483647;
			files = (
			);
			runOnlyForDeploymentPostprocessing = 0;
		};
/* End PBXFrameworksBuildPhase section */

/* Begin PBXGroup section */
		30D94A85237B28BE00AA6743 = {
			isa = PBXGroup;
			children = (
				30D94A90237B28BE00AA6743 /* PAD */,
				30D94A8F237B28BE00AA6743 /* Products */,
			);
			sourceTree = "<group>";
		};
		30D94A8F237B28BE00AA6743 /* Products */ = {
			isa = PBXGroup;
			children = (
				30D94A8E237B28BE00AA6743 /* PAD.app */,
			);
			name = Products;
			sourceTree = "<group>";
		};
		30D94A90237B28BE00AA6743 /* PAD */ = {
			isa = PBXGroup;
			children = (
				30D94A91237B28BE00AA6743 /* AppDelegate.swift */,
				30D94A93237B28BE00AA6743 /* SceneDelegate.swift */,
				30D94A97237B28BE00AA6743 /* Main.storyboard */,
				30D94AA5237B290A00AA6743 /* NamesTableViewController.swift */,
				30D94A9A237B28BF00AA6743 /* Assets.xcassets */,
				30D94A9C237B28BF00AA6743 /* LaunchScreen.storyboard */,
				30D94A9F237B28BF00AA6743 /* Info.plist */,
			);
			path = PAD;
			sourceTree = "<group>";
		};
/* End PBXGroup section */

/* Begin PBXNativeTarget section */
		30D94A8D237B28BE00AA6743 /* PAD */ = {
			isa = PBXNativeTarget;
			buildConfigurationList = 30D94AA2237B28BF00AA6743 /* Build configuration list for PBXNativeTarget "PAD" */;
			buildPhases = (
				30D94A8A237B28BE00AA6743 /* Sources */,
				30D94A8B237B28BE00AA6743 /* Frameworks */,
				30D94A8C237B28BE00AA6743 /* Resources */,
			);
			buildRules = (
			);
			dependencies = (
			);
			name = PAD;
			productName = PAD;
			productReference = 30D94A8E237B28BE00AA6743 /* PAD.app */;
			productType = "com.apple.product-type.application";
		};
/* End PBXNativeTarget section */

/* Begin PBXProject section */
		30D94A86237B28BE00AA6743 /* Project object */ = {
			isa = PBXProject;
			attributes = {
				LastSwiftUpdateCheck = 1120;
				LastUpgradeCheck = 1120;
				ORGANIZATIONNAME = "Joshua Jay";
				TargetAttributes = {
					30D94A8D237B28BE00AA6743 = {
						CreatedOnToolsVersion = 11.2;
					};
				};
			};
			buildConfigurationList = 30D94A89237B28BE00AA6743 /* Build configuration list for PBXProject "PAD" */;
			compatibilityVersion = "Xcode 9.3";
			developmentRegion = en;
			hasScannedForEncodings = 0;
			knownRegions = (
				en,
				Base,
			);
			mainGroup = 30D94A85237B28BE00AA6743;
			productRefGroup = 30D94A8F237B28BE00AA6743 /* Products */;
			projectDirPath = "";
			projectRoot = "";
			targets = (
				30D94A8D237B28BE00AA6743 /* PAD */,
			);
		};
/* End PBXProject section */

/* Begin PBXResourcesBuildPhase section */
		30D94A8C237B28BE00AA6743 /* Resources */ = {
			isa = PBXResourcesBuildPhase;
			buildActionMask = 2147483647;
			files = (
				30D94A9E237B28BF00AA6743 /* LaunchScreen.storyboard in Resources */,
				30D94A9B237B28BF00AA6743 /* Assets.xcassets in Resources */,
				30D94A99237B28BE00AA6743 /* Main.storyboard in Resources */,
			);
			runOnlyForDeploymentPostprocessing = 0;
		};
/* End PBXResourcesBuildPhase section */

/* Begin PBXSourcesBuildPhase section */
		30D94A8A237B28BE00AA6743 /* Sources */ = {
			isa = PBXSourcesBuildPhase;
			buildActionMask = 2147483647;
			files = (
				30D94A92237B28BE00AA6743 /* AppDelegate.swift in Sources */,
				30D94AA6237B290A00AA6743 /* NamesTableViewController.swift in Sources */,
				30D94A94237B28BE00AA6743 /* SceneDelegate.swift in Sources */,
			);
			runOnlyForDeploymentPostprocessing = 0;
		};
/* End PBXSourcesBuildPhase section */

/* Begin PBXVariantGroup section */
		30D94A97237B28BE00AA6743 /* Main.storyboard */ = {
			isa = PBXVariantGroup;
			children = (
				30D94A98237B28BE00AA6743 /* Base */,
			);
			name = Main.storyboard;
			sourceTree = "<group>";
		};
		30D94A9C237B28BF00AA6743 /* LaunchScreen.storyboard */ = {
			isa = PBXVariantGroup;
			children = (
				30D94A9D237B28BF00AA6743 /* Base */,
			);
			name = LaunchScreen.storyboard;
			sourceTree = "<group>";
		};
/* End PBXVariantGroup section */

/* Begin XCBuildConfiguration section */
		30D94AA0237B28BF00AA6743 /* Debug */ = {
			isa = XCBuildConfiguration;
			buildSettings = {
				ALWAYS_SEARCH_USER_PATHS = NO;
				CLANG_ANALYZER_NONNULL = YES;
				CLANG_ANALYZER_NUMBER_OBJECT_CONVERSION = YES_AGGRESSIVE;
				CLANG_CXX_LANGUAGE_STANDARD = "gnu++14";
				CLANG_CXX_LIBRARY = "libc++";
				CLANG_ENABLE_MODULES = YES;
				CLANG_ENABLE_OBJC_ARC = YES;
				CLANG_ENABLE_OBJC_WEAK = YES;
				CLANG_WARN_BLOCK_CAPTURE_AUTORELEASING = YES;
				CLANG_WARN_BOOL_CONVERSION = YES;
				CLANG_WARN_COMMA = YES;
				CLANG_WARN_CONSTANT_CONVERSION = YES;
				CLANG_WARN_DEPRECATED_OBJC_IMPLEMENTATIONS = YES;
				CLANG_WARN_DIRECT_OBJC_ISA_USAGE = YES_ERROR;
				CLANG_WARN_DOCUMENTATION_COMMENTS = YES;
				CLANG_WARN_EMPTY_BODY = YES;
				CLANG_WARN_ENUM_CONVERSION = YES;
				CLANG_WARN_INFINITE_RECURSION = YES;
				CLANG_WARN_INT_CONVERSION = YES;
				CLANG_WARN_NON_LITERAL_NULL_CONVERSION = YES;
				CLANG_WARN_OBJC_IMPLICIT_RETAIN_SELF = YES;
				CLANG_WARN_OBJC_LITERAL_CONVERSION = YES;
				CLANG_WARN_OBJC_ROOT_CLASS = YES_ERROR;
				CLANG_WARN_RANGE_LOOP_ANALYSIS = YES;
				CLANG_WARN_STRICT_PROTOTYPES = YES;
				CLANG_WARN_SUSPICIOUS_MOVE = YES;
				CLANG_WARN_UNGUARDED_AVAILABILITY = YES_AGGRESSIVE;
				CLANG_WARN_UNREACHABLE_CODE = YES;
				CLANG_WARN__DUPLICATE_METHOD_MATCH = YES;
				COPY_PHASE_STRIP = NO;
				DEBUG_INFORMATION_FORMAT = dwarf;
				ENABLE_STRICT_OBJC_MSGSEND = YES;
				ENABLE_TESTABILITY = YES;
				GCC_C_LANGUAGE_STANDARD = gnu11;
				GCC_DYNAMIC_NO_PIC = NO;
				GCC_NO_COMMON_BLOCKS = YES;
				GCC_OPTIMIZATION_LEVEL = 0;
				GCC_PREPROCESSOR_DEFINITIONS = (
					"DEBUG=1",
					"$(inherited)",
				);
				GCC_WARN_64_TO_32_BIT_CONVERSION = YES;
				GCC_WARN_ABOUT_RETURN_TYPE = YES_ERROR;
				GCC_WARN_UNDECLARED_SELECTOR = YES;
				GCC_WARN_UNINITIALIZED_AUTOS = YES_AGGRESSIVE;
				GCC_WARN_UNUSED_FUNCTION = YES;
				GCC_WARN_UNUSED_VARIABLE = YES;
				IPHONEOS_DEPLOYMENT_TARGET = 13.2;
				MTL_ENABLE_DEBUG_INFO = INCLUDE_SOURCE;
				MTL_FAST_MATH = YES;
				ONLY_ACTIVE_ARCH = YES;
				SDKROOT = iphoneos;
				SWIFT_ACTIVE_COMPILATION_CONDITIONS = DEBUG;
				SWIFT_OPTIMIZATION_LEVEL = "-Onone";
			};
			name = Debug;
		};
		30D94AA1237B28BF00AA6743 /* Release */ = {
			isa = XCBuildConfiguration;
			buildSettings = {
				ALWAYS_SEARCH_USER_PATHS = NO;
				CLANG_ANALYZER_NONNULL = YES;
				CLANG_ANALYZER_NUMBER_OBJECT_CONVERSION = YES_AGGRESSIVE;
				CLANG_CXX_LANGUAGE_STANDARD = "gnu++14";
				CLANG_CXX_LIBRARY = "libc++";
				CLANG_ENABLE_MODULES = YES;
				CLANG_ENABLE_OBJC_ARC = YES;
				CLANG_ENABLE_OBJC_WEAK = YES;
				CLANG_WARN_BLOCK_CAPTURE_AUTORELEASING = YES;
				CLANG_WARN_BOOL_CONVERSION = YES;
				CLANG_WARN_COMMA = YES;
				CLANG_WARN_CONSTANT_CONVERSION = YES;
				CLANG_WARN_DEPRECATED_OBJC_IMPLEMENTATIONS = YES;
				CLANG_WARN_DIRECT_OBJC_ISA_USAGE = YES_ERROR;
				CLANG_WARN_DOCUMENTATION_COMMENTS = YES;
				CLANG_WARN_EMPTY_BODY = YES;
				CLANG_WARN_ENUM_CONVERSION = YES;
				CLANG_WARN_INFINITE_RECURSION = YES;
				CLANG_WARN_INT_CONVERSION = YES;
				CLANG_WARN_NON_LITERAL_NULL_CONVERSION = YES;
				CLANG_WARN_OBJC_IMPLICIT_RETAIN_SELF = YES;
				CLANG_WARN_OBJC_LITERAL_CONVERSION = YES;
				CLANG_WARN_OBJC_ROOT_CLASS = YES_ERROR;
				CLANG_WARN_RANGE_LOOP_ANALYSIS = YES;
				CLANG_WARN_STRICT_PROTOTYPES = YES;
				CLANG_WARN_SUSPICIOUS_MOVE = YES;
				CLANG_WARN_UNGUARDED_AVAILABILITY = YES_AGGRESSIVE;
				CLANG_WARN_UNREACHABLE_CODE = YES;
				CLANG_WARN__DUPLICATE_METHOD_MATCH = YES;
				COPY_PHASE_STRIP = NO;
				DEBUG_INFORMATION_FORMAT = "dwarf-with-dsym";
				ENABLE_NS_ASSERTIONS = NO;
				ENABLE_STRICT_OBJC_MSGSEND = YES;
				GCC_C_LANGUAGE_STANDARD = gnu11;
				GCC_NO_COMMON_BLOCKS = YES;
				GCC_WARN_64_TO_32_BIT_CONVERSION = YES;
				GCC_WARN_ABOUT_RETURN_TYPE = YES_ERROR;
				GCC_WARN_UNDECLARED_SELECTOR = YES;
				GCC_WARN_UNINITIALIZED_AUTOS = YES_AGGRESSIVE;
				GCC_WARN_UNUSED_FUNCTION = YES;
				GCC_WARN_UNUSED_VARIABLE = YES;
				IPHONEOS_DEPLOYMENT_TARGET = 13.2;
				MTL_ENABLE_DEBUG_INFO = NO;
				MTL_FAST_MATH = YES;
				SDKROOT = iphoneos;
				SWIFT_COMPILATION_MODE = wholemodule;
				SWIFT_OPTIMIZATION_LEVEL = "-O";
				VALIDATE_PRODUCT = YES;
			};
			name = Release;
		};
		30D94AA3237B28BF00AA6743 /* Debug */ = {
			isa = XCBuildConfiguration;
			buildSettings = {
				ASSETCATALOG_COMPILER_APPICON_NAME = AppIcon;
				CODE_SIGN_STYLE = Automatic;
				DEVELOPMENT_TEAM = TZ33ZW5K7L;
				INFOPLIST_FILE = PAD/Info.plist;
				LD_RUNPATH_SEARCH_PATHS = (
					"$(inherited)",
					"@executable_path/Frameworks",
				);
				PRODUCT_BUNDLE_IDENTIFIER = ma2.PAD;
				PRODUCT_NAME = "$(TARGET_NAME)";
				SWIFT_VERSION = 5.0;
				TARGETED_DEVICE_FAMILY = "1,2";
			};
			name = Debug;
		};
		30D94AA4237B28BF00AA6743 /* Release */ = {
			isa = XCBuildConfiguration;
			buildSettings = {
				ASSETCATALOG_COMPILER_APPICON_NAME = AppIcon;
				CODE_SIGN_STYLE = Automatic;
				DEVELOPMENT_TEAM = TZ33ZW5K7L;
				INFOPLIST_FILE = PAD/Info.plist;
				LD_RUNPATH_SEARCH_PATHS = (
					"$(inherited)",
					"@executable_path/Frameworks",
				);
				PRODUCT_BUNDLE_IDENTIFIER = ma2.PAD;
				PRODUCT_NAME = "$(TARGET_NAME)";
				SWIFT_VERSION = 5.0;
				TARGETED_DEVICE_FAMILY = "1,2";
			};
			name = Release;
		};
/* End XCBuildConfiguration section */

/* Begin XCConfigurationList section */
		30D94A89237B28BE00AA6743 /* Build configuration list for PBXProject "PAD" */ = {
			isa = XCConfigurationList;
			buildConfigurations = (
				30D94AA0237B28BF00AA6743 /* Debug */,
				30D94AA1237B28BF00AA6743 /* Release */,
			);
			defaultConfigurationIsVisible = 0;
			defaultConfigurationName = Release;
		};
		30D94AA2237B28BF00AA6743 /* Build configuration list for PBXNativeTarget "PAD" */ = {
			isa = XCConfigurationList;
			buildConfigurations = (
				30D94AA3237B28BF00AA6743 /* Debug */,
				30D94AA4237B28BF00AA6743 /* Release */,
			);
			defaultConfigurationIsVisible = 0;
			defaultConfigurationName = Release;
		};
/* End XCConfigurationList section */
	};
	rootObject = 30D94A86237B28BE00AA6743 /* Project object */;
}
